
Microsoft Visual Studio Solution File, Format Version 12.00
# Visual Studio 2012
Project("{FAE04EC0-301F-11D3-BF4B-00C04F79EFBC}") = "Dispatch.Model", "Dispatch.Model\Dispatch.Model.csproj", "{D4718057-D944-4D1B-A803-E0F072F1163E}"
EndProject
Project("{FAE04EC0-301F-11D3-BF4B-00C04F79EFBC}") = "Dispatch.Data", "Dispatch.Data\Dispatch.Data.csproj", "{4A2033A5-DA95-4423-A368-5089E489476F}"
EndProject
Project("{FAE04EC0-301F-11D3-BF4B-00C04F79EFBC}") = "Dispatch.API", "Dispatch.API\Dispatch.API.csproj", "{A44A102A-21AE-49B8-A4F5-2A6A3DE57F79}"
EndProject
Project("{FAE04EC0-301F-11D3-BF4B-00C04F79EFBC}") = "Dispatch.Web", "Dispatch.Web\Dispatch.Web.csproj", "{26FA38D9-38A1-436D-900D-9E4BCBFFB5F9}"
EndProject
Global
	GlobalSection(SolutionConfigurationPlatforms) = preSolution
		Debug|Any CPU = Debug|Any CPU
		Release|Any CPU = Release|Any CPU
	EndGlobalSection
	GlobalSection(ProjectConfigurationPlatforms) = postSolution
		{D4718057-D944-4D1B-A803-E0F072F1163E}.Debug|Any CPU.ActiveCfg = Debug|Any CPU
		{D4718057-D944-4D1B-A803-E0F072F1163E}.Debug|Any CPU.Build.0 = Debug|Any CPU
		{D4718057-D944-4D1B-A803-E0F072F1163E}.Release|Any CPU.ActiveCfg = Release|Any CPU
		{D4718057-D944-4D1B-A803-E0F072F1163E}.Release|Any CPU.Build.0 = Release|Any CPU
		{4A2033A5-DA95-4423-A368-5089E489476F}.Debug|Any CPU.ActiveCfg = Debug|Any CPU
		{4A2033A5-DA95-4423-A368-5089E489476F}.Debug|Any CPU.Build.0 = Debug|Any CPU
		{4A2033A5-DA95-4423-A368-5089E489476F}.Release|Any CPU.ActiveCfg = Release|Any CPU
		{4A2033A5-DA95-4423-A368-5089E489476F}.Release|Any CPU.Build.0 = Release|Any CPU
		{A44A102A-21AE-49B8-A4F5-2A6A3DE57F79}.Debug|Any CPU.ActiveCfg = Debug|Any CPU
		{A44A102A-21AE-49B8-A4F5-2A6A3DE57F79}.Debug|Any CPU.Build.0 = Debug|Any CPU
		{A44A102A-21AE-49B8-A4F5-2A6A3DE57F79}.Release|Any CPU.ActiveCfg = Release|Any CPU
		{A44A102A-21AE-49B8-A4F5-2A6A3DE57F79}.Release|Any CPU.Build.0 = Release|Any CPU
		{26FA38D9-38A1-436D-900D-9E4BCBFFB5F9}.Debug|Any CPU.ActiveCfg = Debug|Any CPU
		{26FA38D9-38A1-436D-900D-9E4BCBFFB5F9}.Debug|Any CPU.Build.0 = Debug|Any CPU
		{26FA38D9-38A1-436D-900D-9E4BCBFFB5F9}.Release|Any CPU.ActiveCfg = Release|Any CPU
		{26FA38D9-38A1-436D-900D-9E4BCBFFB5F9}.Release|Any CPU.Build.0 = Release|Any CPU
	EndGlobalSection
	GlobalSection(SolutionProperties) = preSolution
		HideSolutionNode = FALSE
	EndGlobalSection
EndGlobal
